
Microsoft Visual Studio Solution File, Format Version 12.00
# Visual Studio Version 17
VisualStudioVersion = 17.0.32112.339
MinimumVisualStudioVersion = 10.0.40219.1
Project("{8BC9CEB8-8B4A-11D0-8D11-00A0C91BC942}") = "oopHomework9", "oopHomework9\oopHomework9.vcxproj", "{E68F9CFB-9D16-4763-B2E4-7A8F4D475432}"
EndProject
Global
	GlobalSection(SolutionConfigurationPlatforms) = preSolution
		Debug|x64 = Debug|x64
		Debug|x86 = Debug|x86
		Release|x64 = Release|x64
		Release|x86 = Release|x86
	EndGlobalSection
	GlobalSection(ProjectConfigurationPlatforms) = postSolution
		{E68F9CFB-9D16-4763-B2E4-7A8F4D475432}.Debug|x64.ActiveCfg = Debug|x64
		{E68F9CFB-9D16-4763-B2E4-7A8F4D475432}.Debug|x64.Build.0 = Debug|x64
		{E68F9CFB-9D16-4763-B2E4-7A8F4D475432}.Debug|x86.ActiveCfg = Debug|Win32
		{E68F9CFB-9D16-4763-B2E4-7A8F4D475432}.Debug|x86.Build.0 = Debug|Win32
		{E68F9CFB-9D16-4763-B2E4-7A8F4D475432}.Release|x64.ActiveCfg = Release|x64
		{E68F9CFB-9D16-4763-B2E4-7A8F4D475432}.Release|x64.Build.0 = Release|x64
		{E68F9CFB-9D16-4763-B2E4-7A8F4D475432}.Release|x86.ActiveCfg = Release|Win32
		{E68F9CFB-9D16-4763-B2E4-7A8F4D475432}.Release|x86.Build.0 = Release|Win32
	EndGlobalSection
	GlobalSection(SolutionProperties) = preSolution
		HideSolutionNode = FALSE
	EndGlobalSection
	GlobalSection(ExtensibilityGlobals) = postSolution
		SolutionGuid = {0AEE3E41-F363-4CF5-97B9-0B24F9BBFDB6}
	EndGlobalSection
EndGlobal
